
Microsoft Visual Studio Solution File, Format Version 12.00
# Visual Studio Version 17
VisualStudioVersion = 17.14.36408.4 d17.14
MinimumVisualStudioVersion = 10.0.40219.1
Project("{FAE04EC0-301F-11D3-BF4B-00C04F79EFBC}") = "Client", "Client\Client.csproj", "{891EBC52-B051-4E40-A888-E881121EF351}"
EndProject
Global
	GlobalSection(SolutionConfigurationPlatforms) = preSolution
		Debug|Any CPU = Debug|Any CPU
		Release|Any CPU = Release|Any CPU
	EndGlobalSection
	GlobalSection(ProjectConfigurationPlatforms) = postSolution
		{891EBC52-B051-4E40-A888-E881121EF351}.Debug|Any CPU.ActiveCfg = Debug|Any CPU
		{891EBC52-B051-4E40-A888-E881121EF351}.Debug|Any CPU.Build.0 = Debug|Any CPU
		{891EBC52-B051-4E40-A888-E881121EF351}.Debug|Any CPU.Deploy.0 = Debug|Any CPU
		{891EBC52-B051-4E40-A888-E881121EF351}.Release|Any CPU.ActiveCfg = Release|Any CPU
		{891EBC52-B051-4E40-A888-E881121EF351}.Release|Any CPU.Build.0 = Release|Any CPU
		{891EBC52-B051-4E40-A888-E881121EF351}.Release|Any CPU.Deploy.0 = Release|Any CPU
	EndGlobalSection
	GlobalSection(SolutionProperties) = preSolution
		HideSolutionNode = FALSE
	EndGlobalSection
	GlobalSection(ExtensibilityGlobals) = postSolution
		SolutionGuid = {0B2CF5EA-4DD1-4BC0-8E7C-DECE7DB314E8}
	EndGlobalSection
EndGlobal
